
Microsoft Visual Studio Solution File, Format Version 12.00
# Visual Studio Version 17
VisualStudioVersion = 17.14.36511.14 d17.14
MinimumVisualStudioVersion = 10.0.40219.1
Project("{FAE04EC0-301F-11D3-BF4B-00C04F79EFBC}") = "FirstMCP", "FirstMCP\FirstMCP.csproj", "{BD23F13A-9912-49FC-8803-C7995B2E4C80}"
EndProject
Global
	GlobalSection(SolutionConfigurationPlatforms) = preSolution
		Debug|Any CPU = Debug|Any CPU
		Release|Any CPU = Release|Any CPU
	EndGlobalSection
	GlobalSection(ProjectConfigurationPlatforms) = postSolution
		{BD23F13A-9912-49FC-8803-C7995B2E4C80}.Debug|Any CPU.ActiveCfg = Debug|Any CPU
		{BD23F13A-9912-49FC-8803-C7995B2E4C80}.Debug|Any CPU.Build.0 = Debug|Any CPU
		{BD23F13A-9912-49FC-8803-C7995B2E4C80}.Release|Any CPU.ActiveCfg = Release|Any CPU
		{BD23F13A-9912-49FC-8803-C7995B2E4C80}.Release|Any CPU.Build.0 = Release|Any CPU
	EndGlobalSection
	GlobalSection(SolutionProperties) = preSolution
		HideSolutionNode = FALSE
	EndGlobalSection
	GlobalSection(ExtensibilityGlobals) = postSolution
		SolutionGuid = {4FA16B52-976F-4D52-A09C-75B20F11CF50}
	EndGlobalSection
EndGlobal
